<?xml version="1.0" encoding="utf-8"?>
<Project ToolsVersion="4.0" xmlns="http://schemas.microsoft.com/developer/msbuild/2003">
  <ItemGroup>
    <Filter Include="Core">
      <UniqueIdentifier>{4FC737F1-C7A5-4376-A066-2A32D752A2FF}</UniqueIdentifier>
      <Extensions>cpp;c;cc;cxx;def;odl;idl;hpj;bat;asm;asmx</Extensions>
    </Filter>
    <Filter Include="Modules">
      <UniqueIdentifier>{93995380-89BD-4b04-88EB-625FBE52EBFB}</UniqueIdentifier>
      <Extensions>h;hh;hpp;hxx;hm;inl;inc;xsd</Extensions>
    </Filter>
    <Filter Include="Containers">
      <UniqueIdentifier>{78a7f487-1d77-4fdc-9f51-f067eccd6239}</UniqueIdentifier>
    </Filter>
    <Filter Include="Modules\Players">
      <UniqueIdentifier>{d72464f3-ab28-417c-9ccf-60918ff38bbc}</UniqueIdentifier>
    </Filter>
    <Filter Include="Modules\Scenes">
      <UniqueIdentifier>{5d9075d3-4b49-4587-a020-d86686b444b8}</UniqueIdentifier>
    </Filter>
    <Filter Include="Modules\Assets">
      <UniqueIdentifier>{7c8f5b07-5c9e-4c7c-a345-97296f731b7c}</UniqueIdentifier>
    </Filter>
    <Filter Include="Modules\Gameplay">
      <UniqueIdentifier>{0b31a7bb-221c-4048-b0f6-9a9366bbe4a2}</UniqueIdentifier>
    </Filter>
  </ItemGroup>
  <ItemGroup>
    <ClInclude Include="MemLeaks.h">
      <Filter>Core</Filter>
    </ClInclude>
    <ClInclude Include="Globals.h">
      <Filter>Core</Filter>
    </ClInclude>
    <ClInclude Include="Application.h">
      <Filter>Core</Filter>
    </ClInclude>
    <ClInclude Include="p2Point.h">
      <Filter>Containers</Filter>
    </ClInclude>
    <ClInclude Include="Animation.h">
      <Filter>Containers</Filter>
    </ClInclude>
    <ClInclude Include="p2Qeue.h">
      <Filter>Containers</Filter>
    </ClInclude>
    <ClInclude Include="ModuleWindow.h">
      <Filter>Modules</Filter>
    </ClInclude>
    <ClInclude Include="Module.h">
      <Filter>Modules</Filter>
    </ClInclude>
    <ClInclude Include="ModuleParticles.h">
      <Filter>Modules</Filter>
    </ClInclude>
    <ClInclude Include="ModuleRender.h">
      <Filter>Modules</Filter>
    </ClInclude>
    <ClInclude Include="ModuleTextures.h">
      <Filter>Modules</Filter>
    </ClInclude>
    <ClInclude Include="ModuleUI.h">
      <Filter>Modules</Filter>
    </ClInclude>
    <ClInclude Include="ModuleSceneNakoruru.h">
      <Filter>Modules\Scenes</Filter>
    </ClInclude>
    <ClInclude Include="ModuleSceneHaohmaru.h">
      <Filter>Modules\Scenes</Filter>
    </ClInclude>
    <ClInclude Include="ModuleCollision.h">
      <Filter>Modules\Gameplay</Filter>
    </ClInclude>
    <ClInclude Include="ModuleEnding.h">
      <Filter>Modules\Scenes</Filter>
    </ClInclude>
    <ClInclude Include="ModuleFadeToBlack.h">
      <Filter>Modules\Scenes</Filter>
    </ClInclude>
    <ClInclude Include="ModuleFonts.h">
      <Filter>Modules\Assets</Filter>
    </ClInclude>
    <ClInclude Include="ModuleInput.h">
      <Filter>Modules\Gameplay</Filter>
    </ClInclude>
    <ClInclude Include="ModuleMenu.h">
      <Filter>Modules\Scenes</Filter>
    </ClInclude>
    <ClInclude Include="ModuleMusic.h">
      <Filter>Modules\Assets</Filter>
    </ClInclude>
    <ClInclude Include="ModulePlayer2.h">
      <Filter>Modules\Players</Filter>
    </ClInclude>
    <ClInclude Include="ModulePlayer.h">
      <Filter>Modules\Players</Filter>
    </ClInclude>
    <ClInclude Include="ModuleVictoryHaohmaru.h">
      <Filter>Modules\Scenes</Filter>
    </ClInclude>
    <ClInclude Include="ModulePetP1.h">
      <Filter>Modules\Players</Filter>
    </ClInclude>
    <ClInclude Include="ModulePetP2.h">
      <Filter>Modules\Players</Filter>
    </ClInclude>
  </ItemGroup>
  <ItemGroup>
    <ClCompile Include="Main.cpp">
      <Filter>Core</Filter>
    </ClCompile>
    <ClCompile Include="Application.cpp">
      <Filter>Core</Filter>
    </ClCompile>
    <ClCompile Include="Globals.cpp">
      <Filter>Core</Filter>
    </ClCompile>
    <ClCompile Include="ModuleParticles.cpp">
      <Filter>Modules</Filter>
    </ClCompile>
    <ClCompile Include="ModuleRender.cpp">
      <Filter>Modules</Filter>
    </ClCompile>
    <ClCompile Include="ModuleTextures.cpp">
      <Filter>Modules</Filter>
    </ClCompile>
    <ClCompile Include="ModuleWindow.cpp">
      <Filter>Modules</Filter>
    </ClCompile>
    <ClCompile Include="ModuleUI.cpp">
      <Filter>Modules</Filter>
    </ClCompile>
    <ClCompile Include="ModuleSceneHaohmaru.cpp">
      <Filter>Modules\Scenes</Filter>
    </ClCompile>
    <ClCompile Include="ModuleSceneNakoruru.cpp">
      <Filter>Modules\Scenes</Filter>
    </ClCompile>
    <ClCompile Include="ModuleCollision.cpp">
      <Filter>Modules\Gameplay</Filter>
    </ClCompile>
    <ClCompile Include="ModuleEnding.cpp">
      <Filter>Modules\Scenes</Filter>
    </ClCompile>
    <ClCompile Include="ModuleFadeToBlack.cpp">
      <Filter>Modules\Scenes</Filter>
    </ClCompile>
    <ClCompile Include="ModuleInput.cpp">
      <Filter>Modules\Gameplay</Filter>
    </ClCompile>
    <ClCompile Include="ModuleFonts.cpp">
      <Filter>Modules\Assets</Filter>
    </ClCompile>
    <ClCompile Include="ModuleMenu.cpp">
      <Filter>Modules\Scenes</Filter>
    </ClCompile>
    <ClCompile Include="ModuleMusic.cpp">
      <Filter>Modules\Assets</Filter>
    </ClCompile>
    <ClCompile Include="ModulePlayer2.cpp">
      <Filter>Modules\Players</Filter>
    </ClCompile>
    <ClCompile Include="ModulePlayer.cpp">
      <Filter>Modules\Players</Filter>
    </ClCompile>
    <ClCompile Include="ModuleVictoryHaohmaru.cpp">
      <Filter>Modules\Scenes</Filter>
    </ClCompile>
    <ClCompile Include="ModulePetP1.cpp">
      <Filter>Modules\Players</Filter>
    </ClCompile>
  </ItemGroup>
</Project>